
Microsoft Visual Studio Solution File, Format Version 12.00
Project("{2150E333-8FDC-42A3-9474-1A3956D46DE8}") = "src", "src", "{7218F293-7E90-46C1-8996-756F7F6A05DE}"
EndProject
Project("{2150E333-8FDC-42A3-9474-1A3956D46DE8}") = "tests", "tests", "{BC5A0D96-73DE-4680-AA00-97045110265B}"
EndProject
Project("{FAE04EC0-301F-11D3-BF4B-00C04F79EFBC}") = "Api", "src\Api\Api.csproj", "{AB6F9A21-C583-4E6E-A2BA-A645E6AA6A53}"
EndProject
Project("{FAE04EC0-301F-11D3-BF4B-00C04F79EFBC}") = "Api.IntegrationTests", "tests\Api.IntegrationTests\Api.IntegrationTests.csproj", "{E3FE6AA8-C6B6-4EBF-85D4-D68FAD23A3D0}"
EndProject
Project("{2150E333-8FDC-42A3-9474-1A3956D46DE8}") = "Solution items", "Solution items", "{2DAAF504-D490-4B3D-AC67-2706BD13BFC8}"
	ProjectSection(SolutionItems) = preProject
		Directory.Build.props = Directory.Build.props
		README.md = README.md
		Directory.Packages.props = Directory.Packages.props
		docker-compose.yml = docker-compose.yml
		.gitattributes = .gitattributes
	EndProjectSection
EndProject
Project("{FAE04EC0-301F-11D3-BF4B-00C04F79EFBC}") = "Store", "src\Store\Store.csproj", "{CF75E399-2BD6-432A-BDDC-4D00D5DFD779}"
EndProject
Project("{FAE04EC0-301F-11D3-BF4B-00C04F79EFBC}") = "Services", "src\Services\Services.csproj", "{C97B5988-38CE-4E40-9E18-B35F264FB8DF}"
EndProject
Project("{FAE04EC0-301F-11D3-BF4B-00C04F79EFBC}") = "Repositories", "src\Repositories\Repositories.csproj", "{F529F3E6-B748-45CF-B5C1-D67688C36C04}"
EndProject
Project("{FAE04EC0-301F-11D3-BF4B-00C04F79EFBC}") = "Common", "src\Common\Common.csproj", "{D33B80E2-7D74-4C93-A582-CF2B94C1DCCC}"
EndProject
Project("{FAE04EC0-301F-11D3-BF4B-00C04F79EFBC}") = "UnitTests", "tests\UnitTests\UnitTests.csproj", "{ABDD0D64-73DB-44FB-B2C3-793B4F0C0C69}"
EndProject
Project("{2150E333-8FDC-42A3-9474-1A3956D46DE8}") = "build", "build", "{63029CA7-F6B4-4ED9-ACF5-B7FD937326AA}"
EndProject
Project("{FAE04EC0-301F-11D3-BF4B-00C04F79EFBC}") = "Build.Infrastructure", "build\Build.Infrastructure\Build.Infrastructure.csproj", "{62C1750B-FC5D-4C2E-ABB6-B9B42C4DC8B5}"
EndProject
Project("{9A19103F-16F7-4668-BE54-9A1E7A4F7556}") = "Build", "build\Build\Build.csproj", "{637423C9-ABB7-4350-A9E1-7059E6669424}"
EndProject
Project("{FAE04EC0-301F-11D3-BF4B-00C04F79EFBC}") = "Client", "src\Client\Client.csproj", "{E5DB26F9-593A-44A1-9B13-177D4E9DDAF3}"
EndProject
Project("{FAE04EC0-301F-11D3-BF4B-00C04F79EFBC}") = "ClientGenerator", "src\ClientGenerator\ClientGenerator.csproj", "{1368E4DE-3F1E-4810-A561-29A5631185F1}"
EndProject
Global
	GlobalSection(SolutionConfigurationPlatforms) = preSolution
		Debug|Any CPU = Debug|Any CPU
		Release|Any CPU = Release|Any CPU
	EndGlobalSection
	GlobalSection(NestedProjects) = preSolution
		{AB6F9A21-C583-4E6E-A2BA-A645E6AA6A53} = {7218F293-7E90-46C1-8996-756F7F6A05DE}
		{E3FE6AA8-C6B6-4EBF-85D4-D68FAD23A3D0} = {BC5A0D96-73DE-4680-AA00-97045110265B}
		{CF75E399-2BD6-432A-BDDC-4D00D5DFD779} = {7218F293-7E90-46C1-8996-756F7F6A05DE}
		{C97B5988-38CE-4E40-9E18-B35F264FB8DF} = {7218F293-7E90-46C1-8996-756F7F6A05DE}
		{F529F3E6-B748-45CF-B5C1-D67688C36C04} = {7218F293-7E90-46C1-8996-756F7F6A05DE}
		{D33B80E2-7D74-4C93-A582-CF2B94C1DCCC} = {7218F293-7E90-46C1-8996-756F7F6A05DE}
		{ABDD0D64-73DB-44FB-B2C3-793B4F0C0C69} = {BC5A0D96-73DE-4680-AA00-97045110265B}
		{62C1750B-FC5D-4C2E-ABB6-B9B42C4DC8B5} = {63029CA7-F6B4-4ED9-ACF5-B7FD937326AA}
		{637423C9-ABB7-4350-A9E1-7059E6669424} = {63029CA7-F6B4-4ED9-ACF5-B7FD937326AA}
		{E5DB26F9-593A-44A1-9B13-177D4E9DDAF3} = {7218F293-7E90-46C1-8996-756F7F6A05DE}
		{1368E4DE-3F1E-4810-A561-29A5631185F1} = {7218F293-7E90-46C1-8996-756F7F6A05DE}
	EndGlobalSection
	GlobalSection(ProjectConfigurationPlatforms) = postSolution
		{637423C9-ABB7-4350-A9E1-7059E6669424}.Debug|Any CPU.ActiveCfg = Debug|Any CPU
		{637423C9-ABB7-4350-A9E1-7059E6669424}.Release|Any CPU.ActiveCfg = Release|Any CPU
		{AB6F9A21-C583-4E6E-A2BA-A645E6AA6A53}.Debug|Any CPU.ActiveCfg = Debug|Any CPU
		{AB6F9A21-C583-4E6E-A2BA-A645E6AA6A53}.Debug|Any CPU.Build.0 = Debug|Any CPU
		{AB6F9A21-C583-4E6E-A2BA-A645E6AA6A53}.Release|Any CPU.ActiveCfg = Release|Any CPU
		{AB6F9A21-C583-4E6E-A2BA-A645E6AA6A53}.Release|Any CPU.Build.0 = Release|Any CPU
		{E3FE6AA8-C6B6-4EBF-85D4-D68FAD23A3D0}.Debug|Any CPU.ActiveCfg = Debug|Any CPU
		{E3FE6AA8-C6B6-4EBF-85D4-D68FAD23A3D0}.Debug|Any CPU.Build.0 = Debug|Any CPU
		{E3FE6AA8-C6B6-4EBF-85D4-D68FAD23A3D0}.Release|Any CPU.ActiveCfg = Release|Any CPU
		{E3FE6AA8-C6B6-4EBF-85D4-D68FAD23A3D0}.Release|Any CPU.Build.0 = Release|Any CPU
		{CF75E399-2BD6-432A-BDDC-4D00D5DFD779}.Debug|Any CPU.ActiveCfg = Debug|Any CPU
		{CF75E399-2BD6-432A-BDDC-4D00D5DFD779}.Debug|Any CPU.Build.0 = Debug|Any CPU
		{CF75E399-2BD6-432A-BDDC-4D00D5DFD779}.Release|Any CPU.ActiveCfg = Release|Any CPU
		{CF75E399-2BD6-432A-BDDC-4D00D5DFD779}.Release|Any CPU.Build.0 = Release|Any CPU
		{C97B5988-38CE-4E40-9E18-B35F264FB8DF}.Debug|Any CPU.ActiveCfg = Debug|Any CPU
		{C97B5988-38CE-4E40-9E18-B35F264FB8DF}.Debug|Any CPU.Build.0 = Debug|Any CPU
		{C97B5988-38CE-4E40-9E18-B35F264FB8DF}.Release|Any CPU.ActiveCfg = Release|Any CPU
		{C97B5988-38CE-4E40-9E18-B35F264FB8DF}.Release|Any CPU.Build.0 = Release|Any CPU
		{F529F3E6-B748-45CF-B5C1-D67688C36C04}.Debug|Any CPU.ActiveCfg = Debug|Any CPU
		{F529F3E6-B748-45CF-B5C1-D67688C36C04}.Debug|Any CPU.Build.0 = Debug|Any CPU
		{F529F3E6-B748-45CF-B5C1-D67688C36C04}.Release|Any CPU.ActiveCfg = Release|Any CPU
		{F529F3E6-B748-45CF-B5C1-D67688C36C04}.Release|Any CPU.Build.0 = Release|Any CPU
		{D33B80E2-7D74-4C93-A582-CF2B94C1DCCC}.Debug|Any CPU.ActiveCfg = Debug|Any CPU
		{D33B80E2-7D74-4C93-A582-CF2B94C1DCCC}.Debug|Any CPU.Build.0 = Debug|Any CPU
		{D33B80E2-7D74-4C93-A582-CF2B94C1DCCC}.Release|Any CPU.ActiveCfg = Release|Any CPU
		{D33B80E2-7D74-4C93-A582-CF2B94C1DCCC}.Release|Any CPU.Build.0 = Release|Any CPU
		{ABDD0D64-73DB-44FB-B2C3-793B4F0C0C69}.Debug|Any CPU.ActiveCfg = Debug|Any CPU
		{ABDD0D64-73DB-44FB-B2C3-793B4F0C0C69}.Debug|Any CPU.Build.0 = Debug|Any CPU
		{ABDD0D64-73DB-44FB-B2C3-793B4F0C0C69}.Release|Any CPU.ActiveCfg = Release|Any CPU
		{ABDD0D64-73DB-44FB-B2C3-793B4F0C0C69}.Release|Any CPU.Build.0 = Release|Any CPU
		{62C1750B-FC5D-4C2E-ABB6-B9B42C4DC8B5}.Debug|Any CPU.ActiveCfg = Debug|Any CPU
		{62C1750B-FC5D-4C2E-ABB6-B9B42C4DC8B5}.Debug|Any CPU.Build.0 = Debug|Any CPU
		{62C1750B-FC5D-4C2E-ABB6-B9B42C4DC8B5}.Release|Any CPU.ActiveCfg = Release|Any CPU
		{62C1750B-FC5D-4C2E-ABB6-B9B42C4DC8B5}.Release|Any CPU.Build.0 = Release|Any CPU
		{E5DB26F9-593A-44A1-9B13-177D4E9DDAF3}.Debug|Any CPU.ActiveCfg = Debug|Any CPU
		{E5DB26F9-593A-44A1-9B13-177D4E9DDAF3}.Debug|Any CPU.Build.0 = Debug|Any CPU
		{E5DB26F9-593A-44A1-9B13-177D4E9DDAF3}.Release|Any CPU.ActiveCfg = Release|Any CPU
		{E5DB26F9-593A-44A1-9B13-177D4E9DDAF3}.Release|Any CPU.Build.0 = Release|Any CPU
		{1368E4DE-3F1E-4810-A561-29A5631185F1}.Debug|Any CPU.ActiveCfg = Debug|Any CPU
		{1368E4DE-3F1E-4810-A561-29A5631185F1}.Debug|Any CPU.Build.0 = Debug|Any CPU
		{1368E4DE-3F1E-4810-A561-29A5631185F1}.Release|Any CPU.ActiveCfg = Release|Any CPU
		{1368E4DE-3F1E-4810-A561-29A5631185F1}.Release|Any CPU.Build.0 = Release|Any CPU
	EndGlobalSection
EndGlobal
